
Microsoft Visual Studio Solution File, Format Version 12.00
# Visual Studio 14
VisualStudioVersion = 14.0.25123.0
MinimumVisualStudioVersion = 10.0.40219.1
Project("{FAE04EC0-301F-11D3-BF4B-00C04F79EFBC}") = "TP1", "TP1\TP1.csproj", "{A3FDA685-A334-42FF-9F57-ADABB4288027}"
EndProject
Project("{FAE04EC0-301F-11D3-BF4B-00C04F79EFBC}") = "TP2", "TP2\TP2.csproj", "{3B990B50-929E-456C-8C44-33846E1C6D8C}"
EndProject
Project("{FAE04EC0-301F-11D3-BF4B-00C04F79EFBC}") = "TP3", "TP3\TP3.csproj", "{3FBAD25F-EF5E-4483-A3BB-87DD3D936B32}"
EndProject
Project("{FAE04EC0-301F-11D3-BF4B-00C04F79EFBC}") = "TP4", "TP4\TP4.csproj", "{B032F78C-638F-4E44-99AE-A5F5A3C26924}"
EndProject
Project("{FAE04EC0-301F-11D3-BF4B-00C04F79EFBC}") = "tpNote1", "tpNote1\tpNote1.csproj", "{EC09620E-BEC5-4B1D-A861-F7C408B920D4}"
EndProject
Project("{FAE04EC0-301F-11D3-BF4B-00C04F79EFBC}") = "tpNote1_A", "tpNote1_A\tpNote1_A.csproj", "{1E97B921-A3AC-49DD-A0CF-E1591C6F3C3F}"
EndProject
Project("{FAE04EC0-301F-11D3-BF4B-00C04F79EFBC}") = "Triangle", "Triangle\Triangle.csproj", "{F1CBD01E-95D4-4526-A5D9-F64516AA3575}"
EndProject
Project("{FAE04EC0-301F-11D3-BF4B-00C04F79EFBC}") = "tpNote2_B", "tpNote2_B\tpNote2_B.csproj", "{56EA7497-DBBF-4B93-9C48-26BDA5426664}"
EndProject
Project("{FAE04EC0-301F-11D3-BF4B-00C04F79EFBC}") = "Bonhomme", "Bonhomme\Bonhomme.csproj", "{C9F39FE1-6122-4DA7-BF7B-3B0CD88DB891}"
EndProject
Project("{FAE04EC0-301F-11D3-BF4B-00C04F79EFBC}") = "Tri", "Tri\Tri.csproj", "{2DDE626E-1B18-45CE-91DD-6EE33A5A9105}"
EndProject
Project("{FAE04EC0-301F-11D3-BF4B-00C04F79EFBC}") = "tp4NoteA", "tp4NoteA\tp4NoteA.csproj", "{997F10F2-CB5A-4649-9427-3B9F5B77B87D}"
EndProject
Project("{FAE04EC0-301F-11D3-BF4B-00C04F79EFBC}") = "Snake", "Snake\Snake.csproj", "{C90581B9-8498-46FF-A894-5786747B3EF1}"
EndProject
Project("{FAE04EC0-301F-11D3-BF4B-00C04F79EFBC}") = "TP_Collection", "TP_Collection\TP_Collection.csproj", "{83AF6086-D49D-49B6-B43B-214A110F4DDB}"
EndProject
Project("{FAE04EC0-301F-11D3-BF4B-00C04F79EFBC}") = "TP Polybe", "TP Polybe\TP Polybe.csproj", "{C5AEDA40-4925-4F16-843D-698450B7BBE2}"
EndProject
Project("{FAE04EC0-301F-11D3-BF4B-00C04F79EFBC}") = "GestionEmploye", "GestionEmploye\GestionEmploye.csproj", "{4EC29F6B-710E-4946-8CEC-C2E59C07534A}"
EndProject
Global
	GlobalSection(SolutionConfigurationPlatforms) = preSolution
		Debug|Any CPU = Debug|Any CPU
		Debug|ARM = Debug|ARM
		Debug|x64 = Debug|x64
		Debug|x86 = Debug|x86
		Release|Any CPU = Release|Any CPU
		Release|ARM = Release|ARM
		Release|x64 = Release|x64
		Release|x86 = Release|x86
	EndGlobalSection
	GlobalSection(ProjectConfigurationPlatforms) = postSolution
		{A3FDA685-A334-42FF-9F57-ADABB4288027}.Debug|Any CPU.ActiveCfg = Debug|Any CPU
		{A3FDA685-A334-42FF-9F57-ADABB4288027}.Debug|Any CPU.Build.0 = Debug|Any CPU
		{A3FDA685-A334-42FF-9F57-ADABB4288027}.Debug|ARM.ActiveCfg = Debug|Any CPU
		{A3FDA685-A334-42FF-9F57-ADABB4288027}.Debug|ARM.Build.0 = Debug|Any CPU
		{A3FDA685-A334-42FF-9F57-ADABB4288027}.Debug|x64.ActiveCfg = Debug|Any CPU
		{A3FDA685-A334-42FF-9F57-ADABB4288027}.Debug|x64.Build.0 = Debug|Any CPU
		{A3FDA685-A334-42FF-9F57-ADABB4288027}.Debug|x86.ActiveCfg = Debug|Any CPU
		{A3FDA685-A334-42FF-9F57-ADABB4288027}.Debug|x86.Build.0 = Debug|Any CPU
		{A3FDA685-A334-42FF-9F57-ADABB4288027}.Release|Any CPU.ActiveCfg = Release|Any CPU
		{A3FDA685-A334-42FF-9F57-ADABB4288027}.Release|Any CPU.Build.0 = Release|Any CPU
		{A3FDA685-A334-42FF-9F57-ADABB4288027}.Release|ARM.ActiveCfg = Release|Any CPU
		{A3FDA685-A334-42FF-9F57-ADABB4288027}.Release|ARM.Build.0 = Release|Any CPU
		{A3FDA685-A334-42FF-9F57-ADABB4288027}.Release|x64.ActiveCfg = Release|Any CPU
		{A3FDA685-A334-42FF-9F57-ADABB4288027}.Release|x64.Build.0 = Release|Any CPU
		{A3FDA685-A334-42FF-9F57-ADABB4288027}.Release|x86.ActiveCfg = Release|Any CPU
		{A3FDA685-A334-42FF-9F57-ADABB4288027}.Release|x86.Build.0 = Release|Any CPU
		{3B990B50-929E-456C-8C44-33846E1C6D8C}.Debug|Any CPU.ActiveCfg = Debug|Any CPU
		{3B990B50-929E-456C-8C44-33846E1C6D8C}.Debug|Any CPU.Build.0 = Debug|Any CPU
		{3B990B50-929E-456C-8C44-33846E1C6D8C}.Debug|ARM.ActiveCfg = Debug|Any CPU
		{3B990B50-929E-456C-8C44-33846E1C6D8C}.Debug|ARM.Build.0 = Debug|Any CPU
		{3B990B50-929E-456C-8C44-33846E1C6D8C}.Debug|x64.ActiveCfg = Debug|Any CPU
		{3B990B50-929E-456C-8C44-33846E1C6D8C}.Debug|x64.Build.0 = Debug|Any CPU
		{3B990B50-929E-456C-8C44-33846E1C6D8C}.Debug|x86.ActiveCfg = Debug|Any CPU
		{3B990B50-929E-456C-8C44-33846E1C6D8C}.Debug|x86.Build.0 = Debug|Any CPU
		{3B990B50-929E-456C-8C44-33846E1C6D8C}.Release|Any CPU.ActiveCfg = Release|Any CPU
		{3B990B50-929E-456C-8C44-33846E1C6D8C}.Release|Any CPU.Build.0 = Release|Any CPU
		{3B990B50-929E-456C-8C44-33846E1C6D8C}.Release|ARM.ActiveCfg = Release|Any CPU
		{3B990B50-929E-456C-8C44-33846E1C6D8C}.Release|ARM.Build.0 = Release|Any CPU
		{3B990B50-929E-456C-8C44-33846E1C6D8C}.Release|x64.ActiveCfg = Release|Any CPU
		{3B990B50-929E-456C-8C44-33846E1C6D8C}.Release|x64.Build.0 = Release|Any CPU
		{3B990B50-929E-456C-8C44-33846E1C6D8C}.Release|x86.ActiveCfg = Release|Any CPU
		{3B990B50-929E-456C-8C44-33846E1C6D8C}.Release|x86.Build.0 = Release|Any CPU
		{3FBAD25F-EF5E-4483-A3BB-87DD3D936B32}.Debug|Any CPU.ActiveCfg = Debug|Any CPU
		{3FBAD25F-EF5E-4483-A3BB-87DD3D936B32}.Debug|Any CPU.Build.0 = Debug|Any CPU
		{3FBAD25F-EF5E-4483-A3BB-87DD3D936B32}.Debug|ARM.ActiveCfg = Debug|Any CPU
		{3FBAD25F-EF5E-4483-A3BB-87DD3D936B32}.Debug|ARM.Build.0 = Debug|Any CPU
		{3FBAD25F-EF5E-4483-A3BB-87DD3D936B32}.Debug|x64.ActiveCfg = Debug|Any CPU
		{3FBAD25F-EF5E-4483-A3BB-87DD3D936B32}.Debug|x64.Build.0 = Debug|Any CPU
		{3FBAD25F-EF5E-4483-A3BB-87DD3D936B32}.Debug|x86.ActiveCfg = Debug|Any CPU
		{3FBAD25F-EF5E-4483-A3BB-87DD3D936B32}.Debug|x86.Build.0 = Debug|Any CPU
		{3FBAD25F-EF5E-4483-A3BB-87DD3D936B32}.Release|Any CPU.ActiveCfg = Release|Any CPU
		{3FBAD25F-EF5E-4483-A3BB-87DD3D936B32}.Release|Any CPU.Build.0 = Release|Any CPU
		{3FBAD25F-EF5E-4483-A3BB-87DD3D936B32}.Release|ARM.ActiveCfg = Release|Any CPU
		{3FBAD25F-EF5E-4483-A3BB-87DD3D936B32}.Release|ARM.Build.0 = Release|Any CPU
		{3FBAD25F-EF5E-4483-A3BB-87DD3D936B32}.Release|x64.ActiveCfg = Release|Any CPU
		{3FBAD25F-EF5E-4483-A3BB-87DD3D936B32}.Release|x64.Build.0 = Release|Any CPU
		{3FBAD25F-EF5E-4483-A3BB-87DD3D936B32}.Release|x86.ActiveCfg = Release|Any CPU
		{3FBAD25F-EF5E-4483-A3BB-87DD3D936B32}.Release|x86.Build.0 = Release|Any CPU
		{B032F78C-638F-4E44-99AE-A5F5A3C26924}.Debug|Any CPU.ActiveCfg = Debug|Any CPU
		{B032F78C-638F-4E44-99AE-A5F5A3C26924}.Debug|Any CPU.Build.0 = Debug|Any CPU
		{B032F78C-638F-4E44-99AE-A5F5A3C26924}.Debug|ARM.ActiveCfg = Debug|Any CPU
		{B032F78C-638F-4E44-99AE-A5F5A3C26924}.Debug|ARM.Build.0 = Debug|Any CPU
		{B032F78C-638F-4E44-99AE-A5F5A3C26924}.Debug|x64.ActiveCfg = Debug|Any CPU
		{B032F78C-638F-4E44-99AE-A5F5A3C26924}.Debug|x64.Build.0 = Debug|Any CPU
		{B032F78C-638F-4E44-99AE-A5F5A3C26924}.Debug|x86.ActiveCfg = Debug|Any CPU
		{B032F78C-638F-4E44-99AE-A5F5A3C26924}.Debug|x86.Build.0 = Debug|Any CPU
		{B032F78C-638F-4E44-99AE-A5F5A3C26924}.Release|Any CPU.ActiveCfg = Release|Any CPU
		{B032F78C-638F-4E44-99AE-A5F5A3C26924}.Release|Any CPU.Build.0 = Release|Any CPU
		{B032F78C-638F-4E44-99AE-A5F5A3C26924}.Release|ARM.ActiveCfg = Release|Any CPU
		{B032F78C-638F-4E44-99AE-A5F5A3C26924}.Release|ARM.Build.0 = Release|Any CPU
		{B032F78C-638F-4E44-99AE-A5F5A3C26924}.Release|x64.ActiveCfg = Release|Any CPU
		{B032F78C-638F-4E44-99AE-A5F5A3C26924}.Release|x64.Build.0 = Release|Any CPU
		{B032F78C-638F-4E44-99AE-A5F5A3C26924}.Release|x86.ActiveCfg = Release|Any CPU
		{B032F78C-638F-4E44-99AE-A5F5A3C26924}.Release|x86.Build.0 = Release|Any CPU
		{EC09620E-BEC5-4B1D-A861-F7C408B920D4}.Debug|Any CPU.ActiveCfg = Debug|Any CPU
		{EC09620E-BEC5-4B1D-A861-F7C408B920D4}.Debug|Any CPU.Build.0 = Debug|Any CPU
		{EC09620E-BEC5-4B1D-A861-F7C408B920D4}.Debug|ARM.ActiveCfg = Debug|Any CPU
		{EC09620E-BEC5-4B1D-A861-F7C408B920D4}.Debug|ARM.Build.0 = Debug|Any CPU
		{EC09620E-BEC5-4B1D-A861-F7C408B920D4}.Debug|x64.ActiveCfg = Debug|Any CPU
		{EC09620E-BEC5-4B1D-A861-F7C408B920D4}.Debug|x64.Build.0 = Debug|Any CPU
		{EC09620E-BEC5-4B1D-A861-F7C408B920D4}.Debug|x86.ActiveCfg = Debug|Any CPU
		{EC09620E-BEC5-4B1D-A861-F7C408B920D4}.Debug|x86.Build.0 = Debug|Any CPU
		{EC09620E-BEC5-4B1D-A861-F7C408B920D4}.Release|Any CPU.ActiveCfg = Release|Any CPU
		{EC09620E-BEC5-4B1D-A861-F7C408B920D4}.Release|Any CPU.Build.0 = Release|Any CPU
		{EC09620E-BEC5-4B1D-A861-F7C408B920D4}.Release|ARM.ActiveCfg = Release|Any CPU
		{EC09620E-BEC5-4B1D-A861-F7C408B920D4}.Release|ARM.Build.0 = Release|Any CPU
		{EC09620E-BEC5-4B1D-A861-F7C408B920D4}.Release|x64.ActiveCfg = Release|Any CPU
		{EC09620E-BEC5-4B1D-A861-F7C408B920D4}.Release|x64.Build.0 = Release|Any CPU
		{EC09620E-BEC5-4B1D-A861-F7C408B920D4}.Release|x86.ActiveCfg = Release|Any CPU
		{EC09620E-BEC5-4B1D-A861-F7C408B920D4}.Release|x86.Build.0 = Release|Any CPU
		{1E97B921-A3AC-49DD-A0CF-E1591C6F3C3F}.Debug|Any CPU.ActiveCfg = Debug|Any CPU
		{1E97B921-A3AC-49DD-A0CF-E1591C6F3C3F}.Debug|Any CPU.Build.0 = Debug|Any CPU
		{1E97B921-A3AC-49DD-A0CF-E1591C6F3C3F}.Debug|ARM.ActiveCfg = Debug|Any CPU
		{1E97B921-A3AC-49DD-A0CF-E1591C6F3C3F}.Debug|ARM.Build.0 = Debug|Any CPU
		{1E97B921-A3AC-49DD-A0CF-E1591C6F3C3F}.Debug|x64.ActiveCfg = Debug|Any CPU
		{1E97B921-A3AC-49DD-A0CF-E1591C6F3C3F}.Debug|x64.Build.0 = Debug|Any CPU
		{1E97B921-A3AC-49DD-A0CF-E1591C6F3C3F}.Debug|x86.ActiveCfg = Debug|Any CPU
		{1E97B921-A3AC-49DD-A0CF-E1591C6F3C3F}.Debug|x86.Build.0 = Debug|Any CPU
		{1E97B921-A3AC-49DD-A0CF-E1591C6F3C3F}.Release|Any CPU.ActiveCfg = Release|Any CPU
		{1E97B921-A3AC-49DD-A0CF-E1591C6F3C3F}.Release|Any CPU.Build.0 = Release|Any CPU
		{1E97B921-A3AC-49DD-A0CF-E1591C6F3C3F}.Release|ARM.ActiveCfg = Release|Any CPU
		{1E97B921-A3AC-49DD-A0CF-E1591C6F3C3F}.Release|ARM.Build.0 = Release|Any CPU
		{1E97B921-A3AC-49DD-A0CF-E1591C6F3C3F}.Release|x64.ActiveCfg = Release|Any CPU
		{1E97B921-A3AC-49DD-A0CF-E1591C6F3C3F}.Release|x64.Build.0 = Release|Any CPU
		{1E97B921-A3AC-49DD-A0CF-E1591C6F3C3F}.Release|x86.ActiveCfg = Release|Any CPU
		{1E97B921-A3AC-49DD-A0CF-E1591C6F3C3F}.Release|x86.Build.0 = Release|Any CPU
		{F1CBD01E-95D4-4526-A5D9-F64516AA3575}.Debug|Any CPU.ActiveCfg = Debug|Any CPU
		{F1CBD01E-95D4-4526-A5D9-F64516AA3575}.Debug|Any CPU.Build.0 = Debug|Any CPU
		{F1CBD01E-95D4-4526-A5D9-F64516AA3575}.Debug|ARM.ActiveCfg = Debug|Any CPU
		{F1CBD01E-95D4-4526-A5D9-F64516AA3575}.Debug|ARM.Build.0 = Debug|Any CPU
		{F1CBD01E-95D4-4526-A5D9-F64516AA3575}.Debug|x64.ActiveCfg = Debug|Any CPU
		{F1CBD01E-95D4-4526-A5D9-F64516AA3575}.Debug|x64.Build.0 = Debug|Any CPU
		{F1CBD01E-95D4-4526-A5D9-F64516AA3575}.Debug|x86.ActiveCfg = Debug|Any CPU
		{F1CBD01E-95D4-4526-A5D9-F64516AA3575}.Debug|x86.Build.0 = Debug|Any CPU
		{F1CBD01E-95D4-4526-A5D9-F64516AA3575}.Release|Any CPU.ActiveCfg = Release|Any CPU
		{F1CBD01E-95D4-4526-A5D9-F64516AA3575}.Release|Any CPU.Build.0 = Release|Any CPU
		{F1CBD01E-95D4-4526-A5D9-F64516AA3575}.Release|ARM.ActiveCfg = Release|Any CPU
		{F1CBD01E-95D4-4526-A5D9-F64516AA3575}.Release|ARM.Build.0 = Release|Any CPU
		{F1CBD01E-95D4-4526-A5D9-F64516AA3575}.Release|x64.ActiveCfg = Release|Any CPU
		{F1CBD01E-95D4-4526-A5D9-F64516AA3575}.Release|x64.Build.0 = Release|Any CPU
		{F1CBD01E-95D4-4526-A5D9-F64516AA3575}.Release|x86.ActiveCfg = Release|Any CPU
		{F1CBD01E-95D4-4526-A5D9-F64516AA3575}.Release|x86.Build.0 = Release|Any CPU
		{56EA7497-DBBF-4B93-9C48-26BDA5426664}.Debug|Any CPU.ActiveCfg = Debug|Any CPU
		{56EA7497-DBBF-4B93-9C48-26BDA5426664}.Debug|Any CPU.Build.0 = Debug|Any CPU
		{56EA7497-DBBF-4B93-9C48-26BDA5426664}.Debug|ARM.ActiveCfg = Debug|Any CPU
		{56EA7497-DBBF-4B93-9C48-26BDA5426664}.Debug|ARM.Build.0 = Debug|Any CPU
		{56EA7497-DBBF-4B93-9C48-26BDA5426664}.Debug|x64.ActiveCfg = Debug|Any CPU
		{56EA7497-DBBF-4B93-9C48-26BDA5426664}.Debug|x64.Build.0 = Debug|Any CPU
		{56EA7497-DBBF-4B93-9C48-26BDA5426664}.Debug|x86.ActiveCfg = Debug|Any CPU
		{56EA7497-DBBF-4B93-9C48-26BDA5426664}.Debug|x86.Build.0 = Debug|Any CPU
		{56EA7497-DBBF-4B93-9C48-26BDA5426664}.Release|Any CPU.ActiveCfg = Release|Any CPU
		{56EA7497-DBBF-4B93-9C48-26BDA5426664}.Release|Any CPU.Build.0 = Release|Any CPU
		{56EA7497-DBBF-4B93-9C48-26BDA5426664}.Release|ARM.ActiveCfg = Release|Any CPU
		{56EA7497-DBBF-4B93-9C48-26BDA5426664}.Release|ARM.Build.0 = Release|Any CPU
		{56EA7497-DBBF-4B93-9C48-26BDA5426664}.Release|x64.ActiveCfg = Release|Any CPU
		{56EA7497-DBBF-4B93-9C48-26BDA5426664}.Release|x64.Build.0 = Release|Any CPU
		{56EA7497-DBBF-4B93-9C48-26BDA5426664}.Release|x86.ActiveCfg = Release|Any CPU
		{56EA7497-DBBF-4B93-9C48-26BDA5426664}.Release|x86.Build.0 = Release|Any CPU
		{C9F39FE1-6122-4DA7-BF7B-3B0CD88DB891}.Debug|Any CPU.ActiveCfg = Debug|Any CPU
		{C9F39FE1-6122-4DA7-BF7B-3B0CD88DB891}.Debug|Any CPU.Build.0 = Debug|Any CPU
		{C9F39FE1-6122-4DA7-BF7B-3B0CD88DB891}.Debug|ARM.ActiveCfg = Debug|Any CPU
		{C9F39FE1-6122-4DA7-BF7B-3B0CD88DB891}.Debug|ARM.Build.0 = Debug|Any CPU
		{C9F39FE1-6122-4DA7-BF7B-3B0CD88DB891}.Debug|x64.ActiveCfg = Debug|Any CPU
		{C9F39FE1-6122-4DA7-BF7B-3B0CD88DB891}.Debug|x64.Build.0 = Debug|Any CPU
		{C9F39FE1-6122-4DA7-BF7B-3B0CD88DB891}.Debug|x86.ActiveCfg = Debug|Any CPU
		{C9F39FE1-6122-4DA7-BF7B-3B0CD88DB891}.Debug|x86.Build.0 = Debug|Any CPU
		{C9F39FE1-6122-4DA7-BF7B-3B0CD88DB891}.Release|Any CPU.ActiveCfg = Release|Any CPU
		{C9F39FE1-6122-4DA7-BF7B-3B0CD88DB891}.Release|Any CPU.Build.0 = Release|Any CPU
		{C9F39FE1-6122-4DA7-BF7B-3B0CD88DB891}.Release|ARM.ActiveCfg = Release|Any CPU
		{C9F39FE1-6122-4DA7-BF7B-3B0CD88DB891}.Release|ARM.Build.0 = Release|Any CPU
		{C9F39FE1-6122-4DA7-BF7B-3B0CD88DB891}.Release|x64.ActiveCfg = Release|Any CPU
		{C9F39FE1-6122-4DA7-BF7B-3B0CD88DB891}.Release|x64.Build.0 = Release|Any CPU
		{C9F39FE1-6122-4DA7-BF7B-3B0CD88DB891}.Release|x86.ActiveCfg = Release|Any CPU
		{C9F39FE1-6122-4DA7-BF7B-3B0CD88DB891}.Release|x86.Build.0 = Release|Any CPU
		{2DDE626E-1B18-45CE-91DD-6EE33A5A9105}.Debug|Any CPU.ActiveCfg = Debug|Any CPU
		{2DDE626E-1B18-45CE-91DD-6EE33A5A9105}.Debug|Any CPU.Build.0 = Debug|Any CPU
		{2DDE626E-1B18-45CE-91DD-6EE33A5A9105}.Debug|ARM.ActiveCfg = Debug|Any CPU
		{2DDE626E-1B18-45CE-91DD-6EE33A5A9105}.Debug|ARM.Build.0 = Debug|Any CPU
		{2DDE626E-1B18-45CE-91DD-6EE33A5A9105}.Debug|x64.ActiveCfg = Debug|Any CPU
		{2DDE626E-1B18-45CE-91DD-6EE33A5A9105}.Debug|x64.Build.0 = Debug|Any CPU
		{2DDE626E-1B18-45CE-91DD-6EE33A5A9105}.Debug|x86.ActiveCfg = Debug|Any CPU
		{2DDE626E-1B18-45CE-91DD-6EE33A5A9105}.Debug|x86.Build.0 = Debug|Any CPU
		{2DDE626E-1B18-45CE-91DD-6EE33A5A9105}.Release|Any CPU.ActiveCfg = Release|Any CPU
		{2DDE626E-1B18-45CE-91DD-6EE33A5A9105}.Release|Any CPU.Build.0 = Release|Any CPU
		{2DDE626E-1B18-45CE-91DD-6EE33A5A9105}.Release|ARM.ActiveCfg = Release|Any CPU
		{2DDE626E-1B18-45CE-91DD-6EE33A5A9105}.Release|ARM.Build.0 = Release|Any CPU
		{2DDE626E-1B18-45CE-91DD-6EE33A5A9105}.Release|x64.ActiveCfg = Release|Any CPU
		{2DDE626E-1B18-45CE-91DD-6EE33A5A9105}.Release|x64.Build.0 = Release|Any CPU
		{2DDE626E-1B18-45CE-91DD-6EE33A5A9105}.Release|x86.ActiveCfg = Release|Any CPU
		{2DDE626E-1B18-45CE-91DD-6EE33A5A9105}.Release|x86.Build.0 = Release|Any CPU
		{997F10F2-CB5A-4649-9427-3B9F5B77B87D}.Debug|Any CPU.ActiveCfg = Debug|Any CPU
		{997F10F2-CB5A-4649-9427-3B9F5B77B87D}.Debug|Any CPU.Build.0 = Debug|Any CPU
		{997F10F2-CB5A-4649-9427-3B9F5B77B87D}.Debug|ARM.ActiveCfg = Debug|Any CPU
		{997F10F2-CB5A-4649-9427-3B9F5B77B87D}.Debug|ARM.Build.0 = Debug|Any CPU
		{997F10F2-CB5A-4649-9427-3B9F5B77B87D}.Debug|x64.ActiveCfg = Debug|Any CPU
		{997F10F2-CB5A-4649-9427-3B9F5B77B87D}.Debug|x64.Build.0 = Debug|Any CPU
		{997F10F2-CB5A-4649-9427-3B9F5B77B87D}.Debug|x86.ActiveCfg = Debug|Any CPU
		{997F10F2-CB5A-4649-9427-3B9F5B77B87D}.Debug|x86.Build.0 = Debug|Any CPU
		{997F10F2-CB5A-4649-9427-3B9F5B77B87D}.Release|Any CPU.ActiveCfg = Release|Any CPU
		{997F10F2-CB5A-4649-9427-3B9F5B77B87D}.Release|Any CPU.Build.0 = Release|Any CPU
		{997F10F2-CB5A-4649-9427-3B9F5B77B87D}.Release|ARM.ActiveCfg = Release|Any CPU
		{997F10F2-CB5A-4649-9427-3B9F5B77B87D}.Release|ARM.Build.0 = Release|Any CPU
		{997F10F2-CB5A-4649-9427-3B9F5B77B87D}.Release|x64.ActiveCfg = Release|Any CPU
		{997F10F2-CB5A-4649-9427-3B9F5B77B87D}.Release|x64.Build.0 = Release|Any CPU
		{997F10F2-CB5A-4649-9427-3B9F5B77B87D}.Release|x86.ActiveCfg = Release|Any CPU
		{997F10F2-CB5A-4649-9427-3B9F5B77B87D}.Release|x86.Build.0 = Release|Any CPU
		{C90581B9-8498-46FF-A894-5786747B3EF1}.Debug|Any CPU.ActiveCfg = Debug|Any CPU
		{C90581B9-8498-46FF-A894-5786747B3EF1}.Debug|Any CPU.Build.0 = Debug|Any CPU
		{C90581B9-8498-46FF-A894-5786747B3EF1}.Debug|ARM.ActiveCfg = Debug|Any CPU
		{C90581B9-8498-46FF-A894-5786747B3EF1}.Debug|ARM.Build.0 = Debug|Any CPU
		{C90581B9-8498-46FF-A894-5786747B3EF1}.Debug|x64.ActiveCfg = Debug|Any CPU
		{C90581B9-8498-46FF-A894-5786747B3EF1}.Debug|x64.Build.0 = Debug|Any CPU
		{C90581B9-8498-46FF-A894-5786747B3EF1}.Debug|x86.ActiveCfg = Debug|Any CPU
		{C90581B9-8498-46FF-A894-5786747B3EF1}.Debug|x86.Build.0 = Debug|Any CPU
		{C90581B9-8498-46FF-A894-5786747B3EF1}.Release|Any CPU.ActiveCfg = Release|Any CPU
		{C90581B9-8498-46FF-A894-5786747B3EF1}.Release|Any CPU.Build.0 = Release|Any CPU
		{C90581B9-8498-46FF-A894-5786747B3EF1}.Release|ARM.ActiveCfg = Release|Any CPU
		{C90581B9-8498-46FF-A894-5786747B3EF1}.Release|ARM.Build.0 = Release|Any CPU
		{C90581B9-8498-46FF-A894-5786747B3EF1}.Release|x64.ActiveCfg = Release|Any CPU
		{C90581B9-8498-46FF-A894-5786747B3EF1}.Release|x64.Build.0 = Release|Any CPU
		{C90581B9-8498-46FF-A894-5786747B3EF1}.Release|x86.ActiveCfg = Release|Any CPU
		{C90581B9-8498-46FF-A894-5786747B3EF1}.Release|x86.Build.0 = Release|Any CPU
		{83AF6086-D49D-49B6-B43B-214A110F4DDB}.Debug|Any CPU.ActiveCfg = Debug|Any CPU
		{83AF6086-D49D-49B6-B43B-214A110F4DDB}.Debug|Any CPU.Build.0 = Debug|Any CPU
		{83AF6086-D49D-49B6-B43B-214A110F4DDB}.Debug|ARM.ActiveCfg = Debug|Any CPU
		{83AF6086-D49D-49B6-B43B-214A110F4DDB}.Debug|ARM.Build.0 = Debug|Any CPU
		{83AF6086-D49D-49B6-B43B-214A110F4DDB}.Debug|x64.ActiveCfg = Debug|Any CPU
		{83AF6086-D49D-49B6-B43B-214A110F4DDB}.Debug|x64.Build.0 = Debug|Any CPU
		{83AF6086-D49D-49B6-B43B-214A110F4DDB}.Debug|x86.ActiveCfg = Debug|Any CPU
		{83AF6086-D49D-49B6-B43B-214A110F4DDB}.Debug|x86.Build.0 = Debug|Any CPU
		{83AF6086-D49D-49B6-B43B-214A110F4DDB}.Release|Any CPU.ActiveCfg = Release|Any CPU
		{83AF6086-D49D-49B6-B43B-214A110F4DDB}.Release|Any CPU.Build.0 = Release|Any CPU
		{83AF6086-D49D-49B6-B43B-214A110F4DDB}.Release|ARM.ActiveCfg = Release|Any CPU
		{83AF6086-D49D-49B6-B43B-214A110F4DDB}.Release|ARM.Build.0 = Release|Any CPU
		{83AF6086-D49D-49B6-B43B-214A110F4DDB}.Release|x64.ActiveCfg = Release|Any CPU
		{83AF6086-D49D-49B6-B43B-214A110F4DDB}.Release|x64.Build.0 = Release|Any CPU
		{83AF6086-D49D-49B6-B43B-214A110F4DDB}.Release|x86.ActiveCfg = Release|Any CPU
		{83AF6086-D49D-49B6-B43B-214A110F4DDB}.Release|x86.Build.0 = Release|Any CPU
		{C5AEDA40-4925-4F16-843D-698450B7BBE2}.Debug|Any CPU.ActiveCfg = Debug|Any CPU
		{C5AEDA40-4925-4F16-843D-698450B7BBE2}.Debug|Any CPU.Build.0 = Debug|Any CPU
		{C5AEDA40-4925-4F16-843D-698450B7BBE2}.Debug|ARM.ActiveCfg = Debug|Any CPU
		{C5AEDA40-4925-4F16-843D-698450B7BBE2}.Debug|ARM.Build.0 = Debug|Any CPU
		{C5AEDA40-4925-4F16-843D-698450B7BBE2}.Debug|x64.ActiveCfg = Debug|Any CPU
		{C5AEDA40-4925-4F16-843D-698450B7BBE2}.Debug|x64.Build.0 = Debug|Any CPU
		{C5AEDA40-4925-4F16-843D-698450B7BBE2}.Debug|x86.ActiveCfg = Debug|Any CPU
		{C5AEDA40-4925-4F16-843D-698450B7BBE2}.Debug|x86.Build.0 = Debug|Any CPU
		{C5AEDA40-4925-4F16-843D-698450B7BBE2}.Release|Any CPU.ActiveCfg = Release|Any CPU
		{C5AEDA40-4925-4F16-843D-698450B7BBE2}.Release|Any CPU.Build.0 = Release|Any CPU
		{C5AEDA40-4925-4F16-843D-698450B7BBE2}.Release|ARM.ActiveCfg = Release|Any CPU
		{C5AEDA40-4925-4F16-843D-698450B7BBE2}.Release|ARM.Build.0 = Release|Any CPU
		{C5AEDA40-4925-4F16-843D-698450B7BBE2}.Release|x64.ActiveCfg = Release|Any CPU
		{C5AEDA40-4925-4F16-843D-698450B7BBE2}.Release|x64.Build.0 = Release|Any CPU
		{C5AEDA40-4925-4F16-843D-698450B7BBE2}.Release|x86.ActiveCfg = Release|Any CPU
		{C5AEDA40-4925-4F16-843D-698450B7BBE2}.Release|x86.Build.0 = Release|Any CPU
		{4EC29F6B-710E-4946-8CEC-C2E59C07534A}.Debug|Any CPU.ActiveCfg = Debug|Any CPU
		{4EC29F6B-710E-4946-8CEC-C2E59C07534A}.Debug|Any CPU.Build.0 = Debug|Any CPU
		{4EC29F6B-710E-4946-8CEC-C2E59C07534A}.Debug|ARM.ActiveCfg = Debug|Any CPU
		{4EC29F6B-710E-4946-8CEC-C2E59C07534A}.Debug|ARM.Build.0 = Debug|Any CPU
		{4EC29F6B-710E-4946-8CEC-C2E59C07534A}.Debug|x64.ActiveCfg = Debug|Any CPU
		{4EC29F6B-710E-4946-8CEC-C2E59C07534A}.Debug|x64.Build.0 = Debug|Any CPU
		{4EC29F6B-710E-4946-8CEC-C2E59C07534A}.Debug|x86.ActiveCfg = Debug|Any CPU
		{4EC29F6B-710E-4946-8CEC-C2E59C07534A}.Debug|x86.Build.0 = Debug|Any CPU
		{4EC29F6B-710E-4946-8CEC-C2E59C07534A}.Release|Any CPU.ActiveCfg = Release|Any CPU
		{4EC29F6B-710E-4946-8CEC-C2E59C07534A}.Release|Any CPU.Build.0 = Release|Any CPU
		{4EC29F6B-710E-4946-8CEC-C2E59C07534A}.Release|ARM.ActiveCfg = Release|Any CPU
		{4EC29F6B-710E-4946-8CEC-C2E59C07534A}.Release|ARM.Build.0 = Release|Any CPU
		{4EC29F6B-710E-4946-8CEC-C2E59C07534A}.Release|x64.ActiveCfg = Release|Any CPU
		{4EC29F6B-710E-4946-8CEC-C2E59C07534A}.Release|x64.Build.0 = Release|Any CPU
		{4EC29F6B-710E-4946-8CEC-C2E59C07534A}.Release|x86.ActiveCfg = Release|Any CPU
		{4EC29F6B-710E-4946-8CEC-C2E59C07534A}.Release|x86.Build.0 = Release|Any CPU
	EndGlobalSection
	GlobalSection(SolutionProperties) = preSolution
		HideSolutionNode = FALSE
	EndGlobalSection
	GlobalSection(ExtensibilityGlobals) = postSolution
		SolutionGuid = {FBE15FA1-A1A0-428E-89C2-DE565510B683}
	EndGlobalSection
EndGlobal
